
Microsoft Visual Studio Solution File, Format Version 12.00
# Visual Studio 14
VisualStudioVersion = 14.0.25420.1
MinimumVisualStudioVersion = 10.0.40219.1
Project("{FAE04EC0-301F-11D3-BF4B-00C04F79EFBC}") = "KorbitSharp", "KorbitSharp\KorbitSharp.csproj", "{B3CD4ECF-76B4-495C-AFEE-17796CD9CE97}"
EndProject
Project("{FAE04EC0-301F-11D3-BF4B-00C04F79EFBC}") = "SampleApp", "SampleApp\SampleApp.csproj", "{6316EB0C-91AC-4040-96B7-758B0B60FA07}"
EndProject
Global
	GlobalSection(SolutionConfigurationPlatforms) = preSolution
		Debug|Any CPU = Debug|Any CPU
		Release|Any CPU = Release|Any CPU
	EndGlobalSection
	GlobalSection(ProjectConfigurationPlatforms) = postSolution
		{B3CD4ECF-76B4-495C-AFEE-17796CD9CE97}.Debug|Any CPU.ActiveCfg = Debug|Any CPU
		{B3CD4ECF-76B4-495C-AFEE-17796CD9CE97}.Debug|Any CPU.Build.0 = Debug|Any CPU
		{B3CD4ECF-76B4-495C-AFEE-17796CD9CE97}.Release|Any CPU.ActiveCfg = Release|Any CPU
		{B3CD4ECF-76B4-495C-AFEE-17796CD9CE97}.Release|Any CPU.Build.0 = Release|Any CPU
		{6316EB0C-91AC-4040-96B7-758B0B60FA07}.Debug|Any CPU.ActiveCfg = Debug|Any CPU
		{6316EB0C-91AC-4040-96B7-758B0B60FA07}.Debug|Any CPU.Build.0 = Debug|Any CPU
		{6316EB0C-91AC-4040-96B7-758B0B60FA07}.Release|Any CPU.ActiveCfg = Release|Any CPU
		{6316EB0C-91AC-4040-96B7-758B0B60FA07}.Release|Any CPU.Build.0 = Release|Any CPU
	EndGlobalSection
	GlobalSection(SolutionProperties) = preSolution
		HideSolutionNode = FALSE
	EndGlobalSection
EndGlobal
